
Microsoft Visual Studio Solution File, Format Version 12.00
# Visual Studio Version 17
VisualStudioVersion = 17.9.34902.65
MinimumVisualStudioVersion = 10.0.40219.1
Project("{9A19103F-16F7-4668-BE54-9A1E7A4F7556}") = "EcomerceApp", "EcomerceApp.csproj", "{48FFEEC0-2F91-4D51-BEF2-A651C69CF2E3}"
EndProject
Global
	GlobalSection(SolutionConfigurationPlatforms) = preSolution
		Debug|Any CPU = Debug|Any CPU
		Release|Any CPU = Release|Any CPU
	EndGlobalSection
	GlobalSection(ProjectConfigurationPlatforms) = postSolution
		{48FFEEC0-2F91-4D51-BEF2-A651C69CF2E3}.Debug|Any CPU.ActiveCfg = Debug|Any CPU
		{48FFEEC0-2F91-4D51-BEF2-A651C69CF2E3}.Debug|Any CPU.Build.0 = Debug|Any CPU
		{48FFEEC0-2F91-4D51-BEF2-A651C69CF2E3}.Release|Any CPU.ActiveCfg = Release|Any CPU
		{48FFEEC0-2F91-4D51-BEF2-A651C69CF2E3}.Release|Any CPU.Build.0 = Release|Any CPU
	EndGlobalSection
	GlobalSection(SolutionProperties) = preSolution
		HideSolutionNode = FALSE
	EndGlobalSection
	GlobalSection(ExtensibilityGlobals) = postSolution
		SolutionGuid = {FF996B47-E3A7-4444-8E14-DA5EAA1B7005}
	EndGlobalSection
EndGlobal
